
Microsoft Visual Studio Solution File, Format Version 12.00
# Visual Studio Version 16
VisualStudioVersion = 16.0.30611.23
MinimumVisualStudioVersion = 10.0.40219.1
Project("{8BC9CEB8-8B4A-11D0-8D11-00A0C91BC942}") = "boyermoore", "boyermoore\boyermoore.vcxproj", "{6BAD8384-3D3D-4D43-A386-49E2F8021700}"
EndProject
Global
	GlobalSection(SolutionConfigurationPlatforms) = preSolution
		Debug|x64 = Debug|x64
		Debug|x86 = Debug|x86
		Release|x64 = Release|x64
		Release|x86 = Release|x86
	EndGlobalSection
	GlobalSection(ProjectConfigurationPlatforms) = postSolution
		{6BAD8384-3D3D-4D43-A386-49E2F8021700}.Debug|x64.ActiveCfg = Debug|x64
		{6BAD8384-3D3D-4D43-A386-49E2F8021700}.Debug|x64.Build.0 = Debug|x64
		{6BAD8384-3D3D-4D43-A386-49E2F8021700}.Debug|x86.ActiveCfg = Debug|Win32
		{6BAD8384-3D3D-4D43-A386-49E2F8021700}.Debug|x86.Build.0 = Debug|Win32
		{6BAD8384-3D3D-4D43-A386-49E2F8021700}.Release|x64.ActiveCfg = Release|x64
		{6BAD8384-3D3D-4D43-A386-49E2F8021700}.Release|x64.Build.0 = Release|x64
		{6BAD8384-3D3D-4D43-A386-49E2F8021700}.Release|x86.ActiveCfg = Release|Win32
		{6BAD8384-3D3D-4D43-A386-49E2F8021700}.Release|x86.Build.0 = Release|Win32
	EndGlobalSection
	GlobalSection(SolutionProperties) = preSolution
		HideSolutionNode = FALSE
	EndGlobalSection
	GlobalSection(ExtensibilityGlobals) = postSolution
		SolutionGuid = {A0B329AF-EF86-4BC4-869D-19DAAD265CCA}
	EndGlobalSection
EndGlobal
